
Microsoft Visual Studio Solution File, Format Version 12.00
# Visual Studio Version 16
VisualStudioVersion = 16.0.30907.101
MinimumVisualStudioVersion = 10.0.40219.1
Project("{FAE04EC0-301F-11D3-BF4B-00C04F79EFBC}") = "Workstation Simulation", "Workstation Simulation.csproj", "{BD419C54-99F0-414B-9101-9F977A390A67}"
EndProject
Global
	GlobalSection(SolutionConfigurationPlatforms) = preSolution
		Debug|Any CPU = Debug|Any CPU
		Release|Any CPU = Release|Any CPU
	EndGlobalSection
	GlobalSection(ProjectConfigurationPlatforms) = postSolution
		{BD419C54-99F0-414B-9101-9F977A390A67}.Debug|Any CPU.ActiveCfg = Debug|Any CPU
		{BD419C54-99F0-414B-9101-9F977A390A67}.Debug|Any CPU.Build.0 = Debug|Any CPU
		{BD419C54-99F0-414B-9101-9F977A390A67}.Release|Any CPU.ActiveCfg = Release|Any CPU
		{BD419C54-99F0-414B-9101-9F977A390A67}.Release|Any CPU.Build.0 = Release|Any CPU
	EndGlobalSection
	GlobalSection(SolutionProperties) = preSolution
		HideSolutionNode = FALSE
	EndGlobalSection
	GlobalSection(ExtensibilityGlobals) = postSolution
		SolutionGuid = {F6BA8DB9-D5AF-4A1D-8DFD-8E3C01684E98}
	EndGlobalSection
EndGlobal
